
Microsoft Visual Studio Solution File, Format Version 12.00
# Visual Studio Version 16
VisualStudioVersion = 16.0.31019.35
MinimumVisualStudioVersion = 10.0.40219.1
Project("{9A19103F-16F7-4668-BE54-9A1E7A4F7556}") = "FindFrequency", "FindFrequency\FindFrequency.csproj", "{3CCA0600-F3B7-4086-BEC0-79560F848112}"
EndProject
Project("{FAE04EC0-301F-11D3-BF4B-00C04F79EFBC}") = "FindFrequencyLargePara", "FindFrequencyLargePara\FindFrequencyLargePara.csproj", "{AB926BB7-4440-4547-8C9C-A066266D8215}"
EndProject
Global
	GlobalSection(SolutionConfigurationPlatforms) = preSolution
		Debug|Any CPU = Debug|Any CPU
		Release|Any CPU = Release|Any CPU
	EndGlobalSection
	GlobalSection(ProjectConfigurationPlatforms) = postSolution
		{3CCA0600-F3B7-4086-BEC0-79560F848112}.Debug|Any CPU.ActiveCfg = Debug|Any CPU
		{3CCA0600-F3B7-4086-BEC0-79560F848112}.Debug|Any CPU.Build.0 = Debug|Any CPU
		{3CCA0600-F3B7-4086-BEC0-79560F848112}.Release|Any CPU.ActiveCfg = Release|Any CPU
		{3CCA0600-F3B7-4086-BEC0-79560F848112}.Release|Any CPU.Build.0 = Release|Any CPU
		{AB926BB7-4440-4547-8C9C-A066266D8215}.Debug|Any CPU.ActiveCfg = Debug|Any CPU
		{AB926BB7-4440-4547-8C9C-A066266D8215}.Debug|Any CPU.Build.0 = Debug|Any CPU
		{AB926BB7-4440-4547-8C9C-A066266D8215}.Release|Any CPU.ActiveCfg = Release|Any CPU
		{AB926BB7-4440-4547-8C9C-A066266D8215}.Release|Any CPU.Build.0 = Release|Any CPU
	EndGlobalSection
	GlobalSection(SolutionProperties) = preSolution
		HideSolutionNode = FALSE
	EndGlobalSection
	GlobalSection(ExtensibilityGlobals) = postSolution
		SolutionGuid = {36AA44A3-C1D4-4534-9C0A-3D29804BD215}
	EndGlobalSection
EndGlobal
